
Microsoft Visual Studio Solution File, Format Version 12.00
Project("{FAE04EC0-301F-11D3-BF4B-00C04F79EFBC}") = "Pokedex.Api", "Pokedex.Api\Pokedex.Api.csproj", "{6D94F960-FBB2-4568-B450-66915F287A5A}"
EndProject
Project("{FAE04EC0-301F-11D3-BF4B-00C04F79EFBC}") = "Pokedex.Domain", "Pokedex.Domain\Pokedex.Domain.csproj", "{916A7D88-84F2-46C1-A8DC-2549AE522AAC}"
EndProject
Project("{FAE04EC0-301F-11D3-BF4B-00C04F79EFBC}") = "Pokedex.External.Pokeapi", "Pokedex.External.Pokeapi\Pokedex.External.Pokeapi.csproj", "{B70592AC-1888-4DDD-B143-B7C020F7C58C}"
EndProject
Project("{2150E333-8FDC-42A3-9474-1A3956D46DE8}") = "Tests", "Tests", "{7B2924DE-AB52-46A7-963E-F513E38719C4}"
EndProject
Project("{FAE04EC0-301F-11D3-BF4B-00C04F79EFBC}") = "Pokedex.UnitTests", "Pokedex.UnitTests\Pokedex.UnitTests.csproj", "{1D7C9607-E66B-4DE1-9352-3352538C92E2}"
EndProject
Project("{FAE04EC0-301F-11D3-BF4B-00C04F79EFBC}") = "Pokedex.IntegrationTests", "Pokedex.IntegrationTests\Pokedex.IntegrationTests.csproj", "{05FA0D98-9DFC-47E7-98C5-63D9D1E82370}"
EndProject
Project("{FAE04EC0-301F-11D3-BF4B-00C04F79EFBC}") = "Pokedex.Application", "Pokedex.Application\Pokedex.Application.csproj", "{76415C94-2670-498A-9015-CA561C81E27A}"
EndProject
Project("{FAE04EC0-301F-11D3-BF4B-00C04F79EFBC}") = "Pokedex.CommandsAndQueries", "Pokedex.CommandsAndQueries\Pokedex.CommandsAndQueries.csproj", "{C3AD5D1E-9EA9-4DBB-9FE8-7C35C5BEFAB7}"
EndProject
Project("{FAE04EC0-301F-11D3-BF4B-00C04F79EFBC}") = "Pokedex.ComponentTests", "Pokedex.ComponentTests\Pokedex.ComponentTests.csproj", "{EB017054-29A4-4B8E-83B8-84148E477AAF}"
EndProject
Project("{FAE04EC0-301F-11D3-BF4B-00C04F79EFBC}") = "Pokedex.FunctionalTests", "Pokedex.FunctionalTests\Pokedex.FunctionalTests.csproj", "{BE76BDA1-3F45-47D7-ADAA-B57FBBB0B48D}"
EndProject
Global
	GlobalSection(SolutionConfigurationPlatforms) = preSolution
		Debug|Any CPU = Debug|Any CPU
		Release|Any CPU = Release|Any CPU
	EndGlobalSection
	GlobalSection(ProjectConfigurationPlatforms) = postSolution
		{6D94F960-FBB2-4568-B450-66915F287A5A}.Debug|Any CPU.ActiveCfg = Debug|Any CPU
		{6D94F960-FBB2-4568-B450-66915F287A5A}.Debug|Any CPU.Build.0 = Debug|Any CPU
		{6D94F960-FBB2-4568-B450-66915F287A5A}.Release|Any CPU.ActiveCfg = Release|Any CPU
		{6D94F960-FBB2-4568-B450-66915F287A5A}.Release|Any CPU.Build.0 = Release|Any CPU
		{916A7D88-84F2-46C1-A8DC-2549AE522AAC}.Debug|Any CPU.ActiveCfg = Debug|Any CPU
		{916A7D88-84F2-46C1-A8DC-2549AE522AAC}.Debug|Any CPU.Build.0 = Debug|Any CPU
		{916A7D88-84F2-46C1-A8DC-2549AE522AAC}.Release|Any CPU.ActiveCfg = Release|Any CPU
		{916A7D88-84F2-46C1-A8DC-2549AE522AAC}.Release|Any CPU.Build.0 = Release|Any CPU
		{B70592AC-1888-4DDD-B143-B7C020F7C58C}.Debug|Any CPU.ActiveCfg = Debug|Any CPU
		{B70592AC-1888-4DDD-B143-B7C020F7C58C}.Debug|Any CPU.Build.0 = Debug|Any CPU
		{B70592AC-1888-4DDD-B143-B7C020F7C58C}.Release|Any CPU.ActiveCfg = Release|Any CPU
		{B70592AC-1888-4DDD-B143-B7C020F7C58C}.Release|Any CPU.Build.0 = Release|Any CPU
		{1D7C9607-E66B-4DE1-9352-3352538C92E2}.Debug|Any CPU.ActiveCfg = Debug|Any CPU
		{1D7C9607-E66B-4DE1-9352-3352538C92E2}.Debug|Any CPU.Build.0 = Debug|Any CPU
		{1D7C9607-E66B-4DE1-9352-3352538C92E2}.Release|Any CPU.ActiveCfg = Release|Any CPU
		{1D7C9607-E66B-4DE1-9352-3352538C92E2}.Release|Any CPU.Build.0 = Release|Any CPU
		{05FA0D98-9DFC-47E7-98C5-63D9D1E82370}.Debug|Any CPU.ActiveCfg = Debug|Any CPU
		{05FA0D98-9DFC-47E7-98C5-63D9D1E82370}.Debug|Any CPU.Build.0 = Debug|Any CPU
		{05FA0D98-9DFC-47E7-98C5-63D9D1E82370}.Release|Any CPU.ActiveCfg = Release|Any CPU
		{05FA0D98-9DFC-47E7-98C5-63D9D1E82370}.Release|Any CPU.Build.0 = Release|Any CPU
		{76415C94-2670-498A-9015-CA561C81E27A}.Debug|Any CPU.ActiveCfg = Debug|Any CPU
		{76415C94-2670-498A-9015-CA561C81E27A}.Debug|Any CPU.Build.0 = Debug|Any CPU
		{76415C94-2670-498A-9015-CA561C81E27A}.Release|Any CPU.ActiveCfg = Release|Any CPU
		{76415C94-2670-498A-9015-CA561C81E27A}.Release|Any CPU.Build.0 = Release|Any CPU
		{C3AD5D1E-9EA9-4DBB-9FE8-7C35C5BEFAB7}.Debug|Any CPU.ActiveCfg = Debug|Any CPU
		{C3AD5D1E-9EA9-4DBB-9FE8-7C35C5BEFAB7}.Debug|Any CPU.Build.0 = Debug|Any CPU
		{C3AD5D1E-9EA9-4DBB-9FE8-7C35C5BEFAB7}.Release|Any CPU.ActiveCfg = Release|Any CPU
		{C3AD5D1E-9EA9-4DBB-9FE8-7C35C5BEFAB7}.Release|Any CPU.Build.0 = Release|Any CPU
		{EB017054-29A4-4B8E-83B8-84148E477AAF}.Debug|Any CPU.ActiveCfg = Debug|Any CPU
		{EB017054-29A4-4B8E-83B8-84148E477AAF}.Debug|Any CPU.Build.0 = Debug|Any CPU
		{EB017054-29A4-4B8E-83B8-84148E477AAF}.Release|Any CPU.ActiveCfg = Release|Any CPU
		{EB017054-29A4-4B8E-83B8-84148E477AAF}.Release|Any CPU.Build.0 = Release|Any CPU
		{BE76BDA1-3F45-47D7-ADAA-B57FBBB0B48D}.Debug|Any CPU.ActiveCfg = Debug|Any CPU
		{BE76BDA1-3F45-47D7-ADAA-B57FBBB0B48D}.Debug|Any CPU.Build.0 = Debug|Any CPU
		{BE76BDA1-3F45-47D7-ADAA-B57FBBB0B48D}.Release|Any CPU.ActiveCfg = Release|Any CPU
		{BE76BDA1-3F45-47D7-ADAA-B57FBBB0B48D}.Release|Any CPU.Build.0 = Release|Any CPU
	EndGlobalSection
	GlobalSection(NestedProjects) = preSolution
		{1D7C9607-E66B-4DE1-9352-3352538C92E2} = {7B2924DE-AB52-46A7-963E-F513E38719C4}
		{05FA0D98-9DFC-47E7-98C5-63D9D1E82370} = {7B2924DE-AB52-46A7-963E-F513E38719C4}
		{EB017054-29A4-4B8E-83B8-84148E477AAF} = {7B2924DE-AB52-46A7-963E-F513E38719C4}
		{BE76BDA1-3F45-47D7-ADAA-B57FBBB0B48D} = {7B2924DE-AB52-46A7-963E-F513E38719C4}
	EndGlobalSection
EndGlobal
